
Microsoft Visual Studio Solution File, Format Version 12.00
# Visual Studio Version 17
VisualStudioVersion = 17.14.36221.1 d17.14
MinimumVisualStudioVersion = 10.0.40219.1
Project("{FAE04EC0-301F-11D3-BF4B-00C04F79EFBC}") = "ElevatorControlSystem.Application", "ElevatorControlSystem.Application\ElevatorControlSystem.Application.csproj", "{D98BD84E-4B3B-424E-A7C5-62B9FCD07409}"
EndProject
Global
	GlobalSection(SolutionConfigurationPlatforms) = preSolution
		Debug|Any CPU = Debug|Any CPU
		Release|Any CPU = Release|Any CPU
	EndGlobalSection
	GlobalSection(ProjectConfigurationPlatforms) = postSolution
		{D98BD84E-4B3B-424E-A7C5-62B9FCD07409}.Debug|Any CPU.ActiveCfg = Debug|Any CPU
		{D98BD84E-4B3B-424E-A7C5-62B9FCD07409}.Debug|Any CPU.Build.0 = Debug|Any CPU
		{D98BD84E-4B3B-424E-A7C5-62B9FCD07409}.Release|Any CPU.ActiveCfg = Release|Any CPU
		{D98BD84E-4B3B-424E-A7C5-62B9FCD07409}.Release|Any CPU.Build.0 = Release|Any CPU
	EndGlobalSection
	GlobalSection(SolutionProperties) = preSolution
		HideSolutionNode = FALSE
	EndGlobalSection
	GlobalSection(ExtensibilityGlobals) = postSolution
		SolutionGuid = {EE065F51-8AF1-4266-B514-7E96E0A63BD4}
	EndGlobalSection
EndGlobal
